
Microsoft Visual Studio Solution File, Format Version 12.00
# Visual Studio Version 17
VisualStudioVersion = 17.1.32319.34
MinimumVisualStudioVersion = 10.0.40219.1
Project("{FAE04EC0-301F-11D3-BF4B-00C04F79EFBC}") = "BorderStyle_None_Move", "BorderStyle_None_Move\BorderStyle_None_Move.csproj", "{A934E78D-F689-48B3-8380-688494A88E99}"
EndProject
Global
	GlobalSection(SolutionConfigurationPlatforms) = preSolution
		Debug|Any CPU = Debug|Any CPU
		Release|Any CPU = Release|Any CPU
	EndGlobalSection
	GlobalSection(ProjectConfigurationPlatforms) = postSolution
		{A934E78D-F689-48B3-8380-688494A88E99}.Debug|Any CPU.ActiveCfg = Debug|Any CPU
		{A934E78D-F689-48B3-8380-688494A88E99}.Debug|Any CPU.Build.0 = Debug|Any CPU
		{A934E78D-F689-48B3-8380-688494A88E99}.Release|Any CPU.ActiveCfg = Release|Any CPU
		{A934E78D-F689-48B3-8380-688494A88E99}.Release|Any CPU.Build.0 = Release|Any CPU
	EndGlobalSection
	GlobalSection(SolutionProperties) = preSolution
		HideSolutionNode = FALSE
	EndGlobalSection
	GlobalSection(ExtensibilityGlobals) = postSolution
		SolutionGuid = {56A5CD8A-DA9A-429D-B4F0-9724B017F999}
	EndGlobalSection
EndGlobal
